schema: '2.0'
stages:
  load_data:
    cmd: python src/load_data.py --config=params.yaml
    deps:
    - path: data_given/winequality-red.csv
      md5: 6a883fd98624e18c0b7ce251f4fab4fb
      size: 100951
    - path: src/get_data.py
      md5: 974a4e5bfb623cec1bf6cde5aab8482b
      size: 659
    - path: src/load_data.py
      md5: badc78d98151aed5fb431b32939ca963
      size: 658
    outs:
    - path: data/raw/winequality-red.csv
      md5: b81c95040ccc1f04820095a237ba3c61
      size: 93485
  split_data:
    cmd: python src/split_data.py --config=params.yaml
    deps:
    - path: data/raw/winequality-red.csv
      md5: b81c95040ccc1f04820095a237ba3c61
      size: 93485
    - path: src/split_data.py
      md5: 28f8560bb20b8e4d5f4a4de7933af494
      size: 1013
    outs:
    - path: data/processed/test_winequality-red.csv
      md5: 420389d6fcceeb7da1311c6b14af875f
      size: 18836
    - path: data/processed/train_winequality-red.csv
      md5: eb194c439f11a763691ae2f66e305d74
      size: 74795
